
Microsoft Visual Studio Solution File, Format Version 12.00
# Visual Studio Version 16
VisualStudioVersion = 25.0.1704.0
MinimumVisualStudioVersion = 10.0.40219.1
Project("{FAE04EC0-301F-11D3-BF4B-00C04F79EFBC}") = "ui", "ui\ui.csproj", "{BFF69444-1A8D-4146-9D7C-C681EF3A7F4B}"
EndProject
Global
	GlobalSection(SolutionConfigurationPlatforms) = preSolution
		Debug|Any CPU = Debug|Any CPU
		Release|Any CPU = Release|Any CPU
	EndGlobalSection
	GlobalSection(ProjectConfigurationPlatforms) = postSolution
		{BFF69444-1A8D-4146-9D7C-C681EF3A7F4B}.Debug|Any CPU.ActiveCfg = Debug|Any CPU
		{BFF69444-1A8D-4146-9D7C-C681EF3A7F4B}.Debug|Any CPU.Build.0 = Debug|Any CPU
		{BFF69444-1A8D-4146-9D7C-C681EF3A7F4B}.Release|Any CPU.ActiveCfg = Release|Any CPU
		{BFF69444-1A8D-4146-9D7C-C681EF3A7F4B}.Release|Any CPU.Build.0 = Release|Any CPU
	EndGlobalSection
	GlobalSection(SolutionProperties) = preSolution
		HideSolutionNode = FALSE
	EndGlobalSection
	GlobalSection(ExtensibilityGlobals) = postSolution
		SolutionGuid = {FF511B2C-06D4-4CBB-99B4-5462764DA720}
	EndGlobalSection
EndGlobal
